{
    "hash": "61f7bf9bcc3a0e03173514cfa6ae3ca2",
    "packages": [
        {
            "name": "doctrine/common",
            "version": "2.3.x-dev",
            "source": {
                "type": "git",
                "url": "https://github.com/doctrine/common",
                "reference": "bcc89eb63e7dad22102c4e0516fe40159461f40a"
            },
            "dist": {
                "type": "zip",
                "url": "https://github.com/doctrine/common/zipball/bcc89eb63e7dad22102c4e0516fe40159461f40a",
                "reference": "bcc89eb63e7dad22102c4e0516fe40159461f40a",
                "shasum": ""
            },
            "require": {
                "php": ">=5.3.2"
            },
            "time": "1347603718",
            "type": "library",
            "extra": {
                "branch-alias": {
                    "dev-master": "2.3.x-dev"
                }
            },
            "installation-source": "source",
            "autoload": {
                "psr-0": {
                    "Doctrine\\Common": "lib/"
                }
            },
            "license": [
                "MIT"
            ],
            "authors": [
                {
                    "name": "Jonathan Wage",
                    "email": "jonwage@gmail.com",
                    "homepage": "http://www.jwage.com/"
                },
                {
                    "name": "Guilherme Blanco",
                    "email": "guilhermeblanco@gmail.com"
                },
                {
                    "name": "Roman Borschel",
                    "email": "roman@code-factory.org"
                },
                {
                    "name": "Benjamin Eberlei",
                    "email": "kontakt@beberlei.de"
                },
                {
                    "name": "Johannes Schmitt",
                    "email": "schmittjoh@gmail.com",
                    "homepage": "https://github.com/schmittjoh",
                    "role": "Developer of wrapped JMSSerializerBundle"
                }
            ],
            "description": "Common Library for Doctrine projects",
            "homepage": "http://www.doctrine-project.org",
            "keywords": [
                "collections",
                "spl",
                "eventmanager",
                "annotations",
                "persistence"
            ]
        },
        {
            "name": "doctrine/phpcr-odm",
            "version": "dev-master",
            "source": {
                "type": "git",
                "url": "https://github.com/doctrine/phpcr-odm",
                "reference": "5e5f93a19b985e1ceebc39a01c97656d2cf8643c"
            },
            "dist": {
                "type": "zip",
                "url": "https://github.com/doctrine/phpcr-odm/zipball/5e5f93a19b985e1ceebc39a01c97656d2cf8643c",
                "reference": "5e5f93a19b985e1ceebc39a01c97656d2cf8643c",
                "shasum": ""
            },
            "require": {
                "php": ">=5.3.2",
                "phpcr/phpcr-implementation": ">=2.1.0-beta3,<2.2.0-dev",
                "phpcr/phpcr-utils": ">=1.0-beta3",
                "doctrine/common": ">=2.3-dev,<2.4-dev"
            },
            "require-dev": {
                "symfony/yaml": ">=2.0.0,<2.2.0-dev"
            },
            "suggest": {
                "symfony/yaml": ">=2.0.0,<2.2.0-dev",
                "jackalope/jackalope-doctrine-dbal": "dev-master",
                "jackalope/jackalope-jackrabbit": "1.0.*",
                "midgard/phpcr": ">=1.3"
            },
            "time": "1347865842",
            "bin": [
                "bin/phpcr",
                "bin/phpcr.php"
            ],
            "type": "library",
            "extra": {
                "branch-alias": {
                    "dev-master": "1.0-dev"
                }
            },
            "installation-source": "source",
            "autoload": {
                "psr-0": {
                    "Doctrine\\ODM\\PHPCR": "lib/"
                }
            },
            "license": [
                "MIT"
            ],
            "authors": [
                {
                    "name": "Jordi Boggiano",
                    "email": "j.boggiano@seld.be",
                    "homepage": "http://seld.be",
                    "role": "Developer"
                },
                {
                    "name": "Lukas Kahwe Smith",
                    "email": "smith@pooteeweet.org"
                },
                {
                    "name": "David Buchmann",
                    "email": "david@liip.ch"
                }
            ],
            "description": "Object-Document-Mapper for PHPCR",
            "homepage": "http://www.doctrine-project.org",
            "keywords": [
                "database",
                "phpcr",
                "odm"
            ]
        },
        {
            "name": "jackalope/jackalope",
            "version": "dev-master",
            "source": {
                "type": "git",
                "url": "https://github.com/jackalope/jackalope",
                "reference": "f3974f7e678795e4398505ae28416327ad884f1a"
            },
            "dist": {
                "type": "zip",
                "url": "https://github.com/jackalope/jackalope/zipball/f3974f7e678795e4398505ae28416327ad884f1a",
                "reference": "f3974f7e678795e4398505ae28416327ad884f1a",
                "shasum": ""
            },
            "require": {
                "php": ">=5.3.2",
                "ext-libxml": "*",
                "jackalope/jackalope-transport": "1.0.*",
                "phpcr/phpcr-utils": ">=1.0-beta3",
                "phpcr/phpcr": ">=2.1.0-beta5"
            },
            "provide": {
                "phpcr/phpcr-implementation": "2.1.0-beta4"
            },
            "time": "1347451280",
            "type": "library",
            "extra": {
                "branch-alias": {
                    "dev-master": "1.0-dev"
                }
            },
            "installation-source": "source",
            "autoload": {
                "psr-0": {
                    "Jackalope\\": "src/"
                }
            },
            "license": [
                "MIT"
            ],
            "authors": [
                {
                    "name": "Jackalope Community",
                    "homepage": "https://github.com/jackalope/jackalope/contributors"
                }
            ],
            "description": "Jackalope PHPCR library",
            "homepage": "http://jackalope.github.com",
            "keywords": [
                "phpcr implementation"
            ]
        },
        {
            "name": "jackalope/jackalope-jackrabbit",
            "version": "dev-master",
            "source": {
                "type": "git",
                "url": "https://github.com/jackalope/jackalope-jackrabbit",
                "reference": "23b22cef9403184111ab4fee6f9b9af8e850f121"
            },
            "dist": {
                "type": "zip",
                "url": "https://github.com/jackalope/jackalope-jackrabbit/zipball/23b22cef9403184111ab4fee6f9b9af8e850f121",
                "reference": "23b22cef9403184111ab4fee6f9b9af8e850f121",
                "shasum": ""
            },
            "require": {
                "php": ">=5.3.2",
                "ext-libxml": "*",
                "jackalope/jackalope": "1.0.*",
                "ext-curl": "*",
                "phpcr/phpcr-utils": ">=1.0-beta3",
                "phpcr/phpcr": ">=2.1.0-beta5"
            },
            "provide": {
                "jackalope/jackalope-transport": "1.0-beta1"
            },
            "require-dev": {
                "phpcr/phpcr-api-tests": "dev-master",
                "symfony/console": ">=2.0.0,<2.2.0-dev"
            },
            "suggest": {
                "phpcr/phpcr-api-tests": "dev-master",
                "phpcr/phpcr-utils": "dev-master",
                "symfony/console": ">=2.0.0,<2.2.0-dev"
            },
            "time": "1347537893",
            "type": "library",
            "extra": {
                "branch-alias": {
                    "dev-master": "1.0-dev"
                }
            },
            "installation-source": "source",
            "autoload": {
                "psr-0": {
                    "Jackalope\\": "src/"
                }
            },
            "license": [
                "MIT"
            ],
            "authors": [
                {
                    "name": "Jackalope Community",
                    "homepage": "https://github.com/jackalope/jackalope-jackrabbit/contributors"
                }
            ],
            "description": "Jackalope Transport library",
            "homepage": "http://jackalope.github.com",
            "keywords": [
                "transport implementation",
                "jackrabbit"
            ]
        },
        {
            "name": "phpcr/phpcr",
            "version": "dev-master",
            "source": {
                "type": "git",
                "url": "https://github.com/phpcr/phpcr",
                "reference": "2.1.0-beta5"
            },
            "dist": {
                "type": "zip",
                "url": "https://github.com/phpcr/phpcr/zipball/2.1.0-beta5",
                "reference": "2.1.0-beta5",
                "shasum": ""
            },
            "require": {
                "php": ">=5.3.0"
            },
            "time": "1347448804",
            "type": "library",
            "extra": {
                "branch-alias": {
                    "dev-master": "2.1-dev"
                }
            },
            "installation-source": "source",
            "autoload": {
                "psr-0": {
                    "PHPCR": "src"
                }
            },
            "license": [
                "Apache-2.0"
            ],
            "authors": [
                {
                    "name": "Lukas Kahwe Smith",
                    "email": "smith@pooteeweet.org"
                },
                {
                    "name": "David Buchmann",
                    "email": "david@liip.ch"
                },
                {
                    "name": "Karsten Dambekalns",
                    "email": "karsten@typo3.org"
                }
            ],
            "description": "PHP Content Repository interfaces",
            "homepage": "http://phpcr.github.com",
            "keywords": [
                "phpcr",
                "contentrepository"
            ]
        },
        {
            "name": "phpcr/phpcr-utils",
            "version": "dev-master",
            "source": {
                "type": "git",
                "url": "https://github.com/phpcr/phpcr-utils",
                "reference": "402b1ea0835c123aea267f35d54ab5c5f4b8bc4c"
            },
            "dist": {
                "type": "zip",
                "url": "https://github.com/phpcr/phpcr-utils/zipball/402b1ea0835c123aea267f35d54ab5c5f4b8bc4c",
                "reference": "402b1ea0835c123aea267f35d54ab5c5f4b8bc4c",
                "shasum": ""
            },
            "require": {
                "php": ">=5.3.0",
                "symfony/console": ">=2.0.0,<2.2.0-dev",
                "phpcr/phpcr": ">=2.1.0-beta5"
            },
            "time": "1347451158",
            "type": "library",
            "extra": {
                "branch-alias": {
                    "dev-master": "1.0-dev"
                }
            },
            "installation-source": "source",
            "autoload": {
                "psr-0": {
                    "PHPCR\\Util": "src"
                }
            },
            "license": [
                "Apache-2.0"
            ],
            "authors": [
                {
                    "name": "Lukas Kahwe Smith",
                    "email": "smith@pooteeweet.org"
                },
                {
                    "name": "David Buchmann",
                    "email": "david@liip.ch"
                },
                {
                    "name": "Daniel Barsotti",
                    "email": "daniel.barsotti@liip.ch"
                },
                {
                    "name": "Nacho Martín",
                    "email": "nitram.ohcan@gmail.com"
                }
            ],
            "description": "PHP Content Repository implementation independant utilities",
            "homepage": "http://phpcr.github.com",
            "keywords": [
                "phpcr",
                "contentrepository",
                "cli"
            ]
        },
        {
            "name": "symfony/console",
            "version": "2.1.x-dev",
            "target-dir": "Symfony/Component/Console",
            "source": {
                "type": "git",
                "url": "https://github.com/symfony/Console",
                "reference": "v2.1.1"
            },
            "dist": {
                "type": "zip",
                "url": "https://github.com/symfony/Console/zipball/v2.1.1",
                "reference": "v2.1.1",
                "shasum": ""
            },
            "require": {
                "php": ">=5.3.3"
            },
            "time": "1345643321",
            "type": "library",
            "extra": {
                "branch-alias": {
                    "dev-master": "2.1-dev"
                }
            },
            "installation-source": "source",
            "autoload": {
                "psr-0": {
                    "Symfony\\Component\\Console": ""
                }
            },
            "license": [
                "MIT"
            ],
            "authors": [
                {
                    "name": "Fabien Potencier",
                    "email": "fabien@symfony.com"
                },
                {
                    "name": "Symfony Community",
                    "homepage": "http://symfony.com/contributors"
                }
            ],
            "description": "Symfony Console Component",
            "homepage": "http://symfony.com"
        }
    ],
    "packages-dev": null,
    "aliases": [

    ],
    "minimum-stability": "dev",
    "stability-flags": {
        "doctrine/phpcr-odm": 20
    }
}
